
Microsoft Visual Studio Solution File, Format Version 12.00
# Visual Studio Version 16
VisualStudioVersion = 16.0.30413.136
MinimumVisualStudioVersion = 10.0.40219.1
Project("{FAE04EC0-301F-11D3-BF4B-00C04F79EFBC}") = "Bank", "Bank\Bank.csproj", "{EFF556D3-B124-46A7-BBA3-DA6DA154C0DE}"
EndProject
Global
	GlobalSection(SolutionConfigurationPlatforms) = preSolution
		Debug|Any CPU = Debug|Any CPU
		Release|Any CPU = Release|Any CPU
	EndGlobalSection
	GlobalSection(ProjectConfigurationPlatforms) = postSolution
		{EFF556D3-B124-46A7-BBA3-DA6DA154C0DE}.Debug|Any CPU.ActiveCfg = Debug|Any CPU
		{EFF556D3-B124-46A7-BBA3-DA6DA154C0DE}.Debug|Any CPU.Build.0 = Debug|Any CPU
		{EFF556D3-B124-46A7-BBA3-DA6DA154C0DE}.Release|Any CPU.ActiveCfg = Release|Any CPU
		{EFF556D3-B124-46A7-BBA3-DA6DA154C0DE}.Release|Any CPU.Build.0 = Release|Any CPU
	EndGlobalSection
	GlobalSection(SolutionProperties) = preSolution
		HideSolutionNode = FALSE
	EndGlobalSection
	GlobalSection(ExtensibilityGlobals) = postSolution
		SolutionGuid = {2530259B-831D-4041-8F16-8F2973794032}
	EndGlobalSection
EndGlobal
