
Microsoft Visual Studio Solution File, Format Version 12.00
# Visual Studio Version 16
VisualStudioVersion = 16.0.30413.136
MinimumVisualStudioVersion = 10.0.40219.1
Project("{FAE04EC0-301F-11D3-BF4B-00C04F79EFBC}") = "ContosoUniversity", "ContosoUniversity\ContosoUniversity.csproj", "{0447FE63-86F2-4916-B17D-D805B25A879D}"
EndProject
Global
	GlobalSection(SolutionConfigurationPlatforms) = preSolution
		Debug|Any CPU = Debug|Any CPU
		Release|Any CPU = Release|Any CPU
	EndGlobalSection
	GlobalSection(ProjectConfigurationPlatforms) = postSolution
		{0447FE63-86F2-4916-B17D-D805B25A879D}.Debug|Any CPU.ActiveCfg = Debug|Any CPU
		{0447FE63-86F2-4916-B17D-D805B25A879D}.Debug|Any CPU.Build.0 = Debug|Any CPU
		{0447FE63-86F2-4916-B17D-D805B25A879D}.Release|Any CPU.ActiveCfg = Release|Any CPU
		{0447FE63-86F2-4916-B17D-D805B25A879D}.Release|Any CPU.Build.0 = Release|Any CPU
	EndGlobalSection
	GlobalSection(SolutionProperties) = preSolution
		HideSolutionNode = FALSE
	EndGlobalSection
	GlobalSection(ExtensibilityGlobals) = postSolution
		SolutionGuid = {0CA4FA44-5204-4369-8728-DA9B90084955}
	EndGlobalSection
EndGlobal
