
Microsoft Visual Studio Solution File, Format Version 12.00
# Visual Studio Version 16
VisualStudioVersion = 16.0.30413.136
MinimumVisualStudioVersion = 10.0.40219.1
Project("{FAE04EC0-301F-11D3-BF4B-00C04F79EFBC}") = "Music", "Music\Music.csproj", "{736DD1FA-F67D-421E-926E-8147A55E5963}"
EndProject
Global
	GlobalSection(SolutionConfigurationPlatforms) = preSolution
		Debug|Any CPU = Debug|Any CPU
		Release|Any CPU = Release|Any CPU
	EndGlobalSection
	GlobalSection(ProjectConfigurationPlatforms) = postSolution
		{736DD1FA-F67D-421E-926E-8147A55E5963}.Debug|Any CPU.ActiveCfg = Debug|Any CPU
		{736DD1FA-F67D-421E-926E-8147A55E5963}.Debug|Any CPU.Build.0 = Debug|Any CPU
		{736DD1FA-F67D-421E-926E-8147A55E5963}.Release|Any CPU.ActiveCfg = Release|Any CPU
		{736DD1FA-F67D-421E-926E-8147A55E5963}.Release|Any CPU.Build.0 = Release|Any CPU
	EndGlobalSection
	GlobalSection(SolutionProperties) = preSolution
		HideSolutionNode = FALSE
	EndGlobalSection
	GlobalSection(ExtensibilityGlobals) = postSolution
		SolutionGuid = {2C65BDFD-9273-4768-8368-FC13F5E44AC4}
	EndGlobalSection
EndGlobal
